
Microsoft Visual Studio Solution File, Format Version 12.00
# Visual Studio Version 17
VisualStudioVersion = 17.13.35919.96 d17.13
MinimumVisualStudioVersion = 10.0.40219.1
Project("{8BC9CEB8-8B4A-11D0-8D11-00A0C91BC942}") = "L20250401_Array", "L20250401_Array.vcxproj", "{CD40C2C6-B9D8-44BF-8F70-6C6E52F59806}"
EndProject
Global
	GlobalSection(SolutionConfigurationPlatforms) = preSolution
		Debug|x64 = Debug|x64
		Debug|x86 = Debug|x86
		Release|x64 = Release|x64
		Release|x86 = Release|x86
	EndGlobalSection
	GlobalSection(ProjectConfigurationPlatforms) = postSolution
		{CD40C2C6-B9D8-44BF-8F70-6C6E52F59806}.Debug|x64.ActiveCfg = Debug|x64
		{CD40C2C6-B9D8-44BF-8F70-6C6E52F59806}.Debug|x64.Build.0 = Debug|x64
		{CD40C2C6-B9D8-44BF-8F70-6C6E52F59806}.Debug|x86.ActiveCfg = Debug|Win32
		{CD40C2C6-B9D8-44BF-8F70-6C6E52F59806}.Debug|x86.Build.0 = Debug|Win32
		{CD40C2C6-B9D8-44BF-8F70-6C6E52F59806}.Release|x64.ActiveCfg = Release|x64
		{CD40C2C6-B9D8-44BF-8F70-6C6E52F59806}.Release|x64.Build.0 = Release|x64
		{CD40C2C6-B9D8-44BF-8F70-6C6E52F59806}.Release|x86.ActiveCfg = Release|Win32
		{CD40C2C6-B9D8-44BF-8F70-6C6E52F59806}.Release|x86.Build.0 = Release|Win32
	EndGlobalSection
	GlobalSection(SolutionProperties) = preSolution
		HideSolutionNode = FALSE
	EndGlobalSection
	GlobalSection(ExtensibilityGlobals) = postSolution
		SolutionGuid = {49BE8209-3781-4418-A028-4D61DD96651F}
	EndGlobalSection
EndGlobal
